{
  "lockfileVersion": 1,
  "configVersion": 1,
  "workspaces": {
    "": {
      "name": "api",
      "dependencies": {
        "@orpc/server": "^1.13.13",
        "zod": "catalog:schemas",
      },
      "devDependencies": {
        "@types/bun": "latest",
      },
      "peerDependencies": {
        "typescript": "^5",
      },
    },
  },
  "packages": {
    "@orpc/client": ["@orpc/client@1.13.13", "", { "dependencies": { "@orpc/shared": "1.13.13", "@orpc/standard-server": "1.13.13", "@orpc/standard-server-fetch": "1.13.13", "@orpc/standard-server-peer": "1.13.13" } }, "sha512-jagx/Sa+9K4HEC5lBrUlMSrmR/06hvZctWh93/sKZc8GBk4zM0+71oT1kXQVw1oRYFV2XAq3xy3m6NdM6gfKYA=="],

    "@orpc/contract": ["@orpc/contract@1.13.13", "", { "dependencies": { "@orpc/client": "1.13.13", "@orpc/shared": "1.13.13", "@standard-schema/spec": "^1.1.0", "openapi-types": "^12.1.3" } }, "sha512-md6iyrYkePBSJNs1VnVEEnAUORMDPHIf3JGRSHxyssIcNakev/iOjP0HvpH0Sx0MlTBhihAJo6uFL8Vpth58Nw=="],

    "@orpc/interop": ["@orpc/interop@1.13.13", "", {}, "sha512-S8edIRA7ekD3/gHx5MrsO9CxZ0QvCaVDkVbNf42SZbLYPXuvxtdH0CYwaB1q9uQg2Jk0PBP8AquLH6WFwjMSbQ=="],

    "@orpc/server": ["@orpc/server@1.13.13", "", { "dependencies": { "@orpc/client": "1.13.13", "@orpc/contract": "1.13.13", "@orpc/interop": "1.13.13", "@orpc/shared": "1.13.13", "@orpc/standard-server": "1.13.13", "@orpc/standard-server-aws-lambda": "1.13.13", "@orpc/standard-server-fastify": "1.13.13", "@orpc/standard-server-fetch": "1.13.13", "@orpc/standard-server-node": "1.13.13", "@orpc/standard-server-peer": "1.13.13", "cookie": "^1.1.1" }, "peerDependencies": { "crossws": ">=0.3.4", "ws": ">=8.18.1" }, "optionalPeers": ["crossws", "ws"] }, "sha512-l3OfiaqfLiLQqamXufKiEzT8K9Zq8VHvijADV5eDJOaz6sFzK1Mg6q2D8l9wcmuyG7ga0HfMT+cf3JQsh5WDIA=="],

    "@orpc/shared": ["@orpc/shared@1.13.13", "", { "dependencies": { "radash": "^12.1.1", "type-fest": "^5.4.4" }, "peerDependencies": { "@opentelemetry/api": ">=1.9.0" }, "optionalPeers": ["@opentelemetry/api"] }, "sha512-kNpYOBjHvmgKHla6munWOaEeA0utEfAvoiZpXjiRjjt1RxTibdwQvVHgxRIBNMXfQsb+ON3Q/wDkoaUhvvSnIw=="],

    "@orpc/standard-server": ["@orpc/standard-server@1.13.13", "", { "dependencies": { "@orpc/shared": "1.13.13" } }, "sha512-9pgS8XvauuRQElkyuD8F3om+nN0KBEnTkhblDHCBzkZERjWkmfirJmshQrWHoFaDTk+nnXHIaY6d7TBTxXdPRw=="],

    "@orpc/standard-server-aws-lambda": ["@orpc/standard-server-aws-lambda@1.13.13", "", { "dependencies": { "@orpc/shared": "1.13.13", "@orpc/standard-server": "1.13.13", "@orpc/standard-server-fetch": "1.13.13", "@orpc/standard-server-node": "1.13.13" } }, "sha512-e7310DnN6FSpRgR5gQpwvwg2B3uR+NoT7qlnyQWsjxQGr95L4GST3hRNSsQdQyXmFx1jvCCp0i3kAE9SJyvU6A=="],

    "@orpc/standard-server-fastify": ["@orpc/standard-server-fastify@1.13.13", "", { "dependencies": { "@orpc/shared": "1.13.13", "@orpc/standard-server": "1.13.13", "@orpc/standard-server-node": "1.13.13" }, "peerDependencies": { "fastify": ">=5.6.1" }, "optionalPeers": ["fastify"] }, "sha512-G5Sq+rZDPwHvWJHsAA6bYWoJ7LcGyBby+SjjEGwz+viRdBk/inZnZafKpM+pL89aDdq6iw99Bcbug5WFPP6KdA=="],

    "@orpc/standard-server-fetch": ["@orpc/standard-server-fetch@1.13.13", "", { "dependencies": { "@orpc/shared": "1.13.13", "@orpc/standard-server": "1.13.13" } }, "sha512-Lffy26+WtCQkwOUacsrdyeJF1GNzrhm75O3LXKVFXqmSdyVVdyI6zuqLn/YKGODU2L9IqGxZ2CwsV2tE298SSA=="],

    "@orpc/standard-server-node": ["@orpc/standard-server-node@1.13.13", "", { "dependencies": { "@orpc/shared": "1.13.13", "@orpc/standard-server": "1.13.13", "@orpc/standard-server-fetch": "1.13.13" } }, "sha512-wI45h/bVWn7lgvqqm5aM7vj5BblmmBdFG2wbEhmpY85DslbCtMNJrIw/x+zxm1XgYAzsKLExLp6L01hzjeHmEA=="],

    "@orpc/standard-server-peer": ["@orpc/standard-server-peer@1.13.13", "", { "dependencies": { "@orpc/shared": "1.13.13", "@orpc/standard-server": "1.13.13" } }, "sha512-FeWAbXfnZDPYQRajM0hD6GJvHeC3DZILngAjdcLHy5zt3riu6nL2lLPSWDv5yNWWscmYU+CfKmXWd0Z01BOeWA=="],

    "@standard-schema/spec": ["@standard-schema/spec@1.1.0", "", {}, "sha512-l2aFy5jALhniG5HgqrD6jXLi/rUWrKvqN/qJx6yoJsgKhblVd+iqqU4RCXavm/jPityDo5TCvKMnpjKnOriy0w=="],

    "@types/bun": ["@types/bun@1.3.11", "", { "dependencies": { "bun-types": "1.3.11" } }, "sha512-5vPne5QvtpjGpsGYXiFyycfpDF2ECyPcTSsFBMa0fraoxiQyMJ3SmuQIGhzPg2WJuWxVBoxWJ2kClYTcw/4fAg=="],

    "@types/node": ["@types/node@25.5.0", "", { "dependencies": { "undici-types": "~7.18.0" } }, "sha512-jp2P3tQMSxWugkCUKLRPVUpGaL5MVFwF8RDuSRztfwgN1wmqJeMSbKlnEtQqU8UrhTmzEmZdu2I6v2dpp7XIxw=="],

    "bun-types": ["bun-types@1.3.11", "", { "dependencies": { "@types/node": "*" } }, "sha512-1KGPpoxQWl9f6wcZh57LvrPIInQMn2TQ7jsgxqpRzg+l0QPOFvJVH7HmvHo/AiPgwXy+/Thf6Ov3EdVn1vOabg=="],

    "cookie": ["cookie@1.1.1", "", {}, "sha512-ei8Aos7ja0weRpFzJnEA9UHJ/7XQmqglbRwnf2ATjcB9Wq874VKH9kfjjirM6UhU2/E5fFYadylyhFldcqSidQ=="],

    "openapi-types": ["openapi-types@12.1.3", "", {}, "sha512-N4YtSYJqghVu4iek2ZUvcN/0aqH1kRDuNqzcycDxhOUpg7GdvLa2F3DgS6yBNhInhv2r/6I0Flkn7CqL8+nIcw=="],

    "radash": ["radash@12.1.1", "", {}, "sha512-h36JMxKRqrAxVD8201FrCpyeNuUY9Y5zZwujr20fFO77tpUtGa6EZzfKw/3WaiBX95fq7+MpsuMLNdSnORAwSA=="],

    "tagged-tag": ["tagged-tag@1.0.0", "", {}, "sha512-yEFYrVhod+hdNyx7g5Bnkkb0G6si8HJurOoOEgC8B/O0uXLHlaey/65KRv6cuWBNhBgHKAROVpc7QyYqE5gFng=="],

    "type-fest": ["type-fest@5.5.0", "", { "dependencies": { "tagged-tag": "^1.0.0" } }, "sha512-PlBfpQwiUvGViBNX84Yxwjsdhd1TUlXr6zjX7eoirtCPIr08NAmxwa+fcYBTeRQxHo9YC9wwF3m9i700sHma8g=="],

    "typescript": ["typescript@5.9.3", "", { "bin": { "tsc": "bin/tsc", "tsserver": "bin/tsserver" } }, "sha512-jl1vZzPDinLr9eUt3J/t7V6FgNEw9QjvBPdysz9KfQDD41fQrC2Y4vKQdiaUpFT4bXlb1RHhLpp8wtm6M5TgSw=="],

    "undici-types": ["undici-types@7.18.2", "", {}, "sha512-AsuCzffGHJybSaRrmr5eHr81mwJU3kjw6M+uprWvCXiNeN9SOGwQ3Jn8jb8m3Z6izVgknn1R0FTCEAP2QrLY/w=="],

    "zod": "catalog:schemas" ["zod@4.3.6", "", {}, "sha512-rftlrkhHZOcjDwkGlnUtZZkvaPHCsDATp4pGpuOOMDaTdDDXF91wuVDJoWoPsKX/3YPQ5fHuF3STjcYyKr+Qhg=="],
  }
}
